// !$*UTF8*$!
{
	archiveVersion = 1;
	classes = {
	};
	objectVersion = 55;
	objects = {

/* Begin PBXBuildFile section */
		410E5F8B291CCA65004EA498 /* ApiCall.swift in Sources */ = {isa = PBXBuildFile; fileRef = 410E5F8A291CCA65004EA498 /* ApiCall.swift */; };
		411A122028DA46ED004DFD80 /* HeroHeaderUIView.swift in Sources */ = {isa = PBXBuildFile; fileRef = 411A121F28DA46ED004DFD80 /* HeroHeaderUIView.swift */; };
		4128064C2A0CF05C00169E75 /* Movie.swift in Sources */ = {isa = PBXBuildFile; fileRef = 4128064B2A0CF05C00169E75 /* Movie.swift */; };
		4128064E2A0CFCBF00169E75 /* Extension.swift in Sources */ = {isa = PBXBuildFile; fileRef = 4128064D2A0CFCBF00169E75 /* Extension.swift */; };
		4140A2B028D84F00000C59EE /* CollectionViewTableViewCell.swift in Sources */ = {isa = PBXBuildFile; fileRef = 4140A2AF28D84F00000C59EE /* CollectionViewTableViewCell.swift */; };
		4192C50E28B49F2100681AA6 /* HomeViewController.swift in Sources */ = {isa = PBXBuildFile; fileRef = 4192C50D28B49F2100681AA6 /* HomeViewController.swift */; };
		4192C51028B49FEB00681AA6 /* DownloadsViewController.swift in Sources */ = {isa = PBXBuildFile; fileRef = 4192C50F28B49FEB00681AA6 /* DownloadsViewController.swift */; };
		4192C51228B49FFC00681AA6 /* SearchViewController.swift in Sources */ = {isa = PBXBuildFile; fileRef = 4192C51128B49FFC00681AA6 /* SearchViewController.swift */; };
		419904E62A14AFF000285A71 /* Populor.swift in Sources */ = {isa = PBXBuildFile; fileRef = 419904E52A14AFF000285A71 /* Populor.swift */; };
		41C0E9CF28A4F8840005CAF4 /* UpcomingViewController.swift in Sources */ = {isa = PBXBuildFile; fileRef = 41C0E9CE28A4F8840005CAF4 /* UpcomingViewController.swift */; };
		41C34A682A11FF560045CE59 /* TV.swift in Sources */ = {isa = PBXBuildFile; fileRef = 41C34A672A11FF560045CE59 /* TV.swift */; };
		41F54B0E28A3770D008F79D6 /* AppDelegate.swift in Sources */ = {isa = PBXBuildFile; fileRef = 41F54B0D28A3770D008F79D6 /* AppDelegate.swift */; };
		41F54B1028A3770D008F79D6 /* SceneDelegate.swift in Sources */ = {isa = PBXBuildFile; fileRef = 41F54B0F28A3770D008F79D6 /* SceneDelegate.swift */; };
		41F54B1228A3770D008F79D6 /* MainTabViewController.swift in Sources */ = {isa = PBXBuildFile; fileRef = 41F54B1128A3770D008F79D6 /* MainTabViewController.swift */; };
		41F54B1728A37710008F79D6 /* Assets.xcassets in Resources */ = {isa = PBXBuildFile; fileRef = 41F54B1628A37710008F79D6 /* Assets.xcassets */; };
		41F54B1A28A37710008F79D6 /* LaunchScreen.storyboard in Resources */ = {isa = PBXBuildFile; fileRef = 41F54B1828A37710008F79D6 /* LaunchScreen.storyboard */; };
/* End PBXBuildFile section */

/* Begin PBXFileReference section */
		410E5F8A291CCA65004EA498 /* ApiCall.swift */ = {isa = PBXFileReference; lastKnownFileType = sourcecode.swift; path = ApiCall.swift; sourceTree = "<group>"; };
		411A121F28DA46ED004DFD80 /* HeroHeaderUIView.swift */ = {isa = PBXFileReference; lastKnownFileType = sourcecode.swift; path = HeroHeaderUIView.swift; sourceTree = "<group>"; };
		4128064B2A0CF05C00169E75 /* Movie.swift */ = {isa = PBXFileReference; lastKnownFileType = sourcecode.swift; path = Movie.swift; sourceTree = "<group>"; };
		4128064D2A0CFCBF00169E75 /* Extension.swift */ = {isa = PBXFileReference; lastKnownFileType = sourcecode.swift; path = Extension.swift; sourceTree = "<group>"; };
		4140A2AF28D84F00000C59EE /* CollectionViewTableViewCell.swift */ = {isa = PBXFileReference; lastKnownFileType = sourcecode.swift; path = CollectionViewTableViewCell.swift; sourceTree = "<group>"; };
		4192C50D28B49F2100681AA6 /* HomeViewController.swift */ = {isa = PBXFileReference; lastKnownFileType = sourcecode.swift; path = HomeViewController.swift; sourceTree = "<group>"; };
		4192C50F28B49FEB00681AA6 /* DownloadsViewController.swift */ = {isa = PBXFileReference; lastKnownFileType = sourcecode.swift; path = DownloadsViewController.swift; sourceTree = "<group>"; };
		4192C51128B49FFC00681AA6 /* SearchViewController.swift */ = {isa = PBXFileReference; lastKnownFileType = sourcecode.swift; path = SearchViewController.swift; sourceTree = "<group>"; };
		419904E52A14AFF000285A71 /* Populor.swift */ = {isa = PBXFileReference; lastKnownFileType = sourcecode.swift; path = Populor.swift; sourceTree = "<group>"; };
		41C0E9CE28A4F8840005CAF4 /* UpcomingViewController.swift */ = {isa = PBXFileReference; lastKnownFileType = sourcecode.swift; path = UpcomingViewController.swift; sourceTree = "<group>"; };
		41C34A672A11FF560045CE59 /* TV.swift */ = {isa = PBXFileReference; lastKnownFileType = sourcecode.swift; path = TV.swift; sourceTree = "<group>"; };
		41F54B0A28A3770D008F79D6 /* Netflix Clone.app */ = {isa = PBXFileReference; explicitFileType = wrapper.application; includeInIndex = 0; path = "Netflix Clone.app"; sourceTree = BUILT_PRODUCTS_DIR; };
		41F54B0D28A3770D008F79D6 /* AppDelegate.swift */ = {isa = PBXFileReference; lastKnownFileType = sourcecode.swift; path = AppDelegate.swift; sourceTree = "<group>"; };
		41F54B0F28A3770D008F79D6 /* SceneDelegate.swift */ = {isa = PBXFileReference; lastKnownFileType = sourcecode.swift; path = SceneDelegate.swift; sourceTree = "<group>"; };
		41F54B1128A3770D008F79D6 /* MainTabViewController.swift */ = {isa = PBXFileReference; lastKnownFileType = sourcecode.swift; path = MainTabViewController.swift; sourceTree = "<group>"; };
		41F54B1628A37710008F79D6 /* Assets.xcassets */ = {isa = PBXFileReference; lastKnownFileType = folder.assetcatalog; path = Assets.xcassets; sourceTree = "<group>"; };
		41F54B1928A37710008F79D6 /* Base */ = {isa = PBXFileReference; lastKnownFileType = file.storyboard; name = Base; path = Base.lproj/LaunchScreen.storyboard; sourceTree = "<group>"; };
		41F54B1B28A37710008F79D6 /* Info.plist */ = {isa = PBXFileReference; lastKnownFileType = text.plist.xml; path = Info.plist; sourceTree = "<group>"; };
/* End PBXFileReference section */

/* Begin PBXFrameworksBuildPhase section */
		41F54B0728A3770D008F79D6 /* Frameworks */ = {
			isa = PBXFrameworksBuildPhase;
			buildActionMask = 2147483647;
			files = (
			);
			runOnlyForDeploymentPostprocessing = 0;
		};
/* End PBXFrameworksBuildPhase section */

/* Begin PBXGroup section */
		4140A2AA28D84C94000C59EE /* Models */ = {
			isa = PBXGroup;
			children = (
				4128064B2A0CF05C00169E75 /* Movie.swift */,
				41C34A672A11FF560045CE59 /* TV.swift */,
				419904E52A14AFF000285A71 /* Populor.swift */,
			);
			path = Models;
			sourceTree = "<group>";
		};
		4140A2AB28D84CA9000C59EE /* Views */ = {
			isa = PBXGroup;
			children = (
				4140A2AF28D84F00000C59EE /* CollectionViewTableViewCell.swift */,
				411A121F28DA46ED004DFD80 /* HeroHeaderUIView.swift */,
			);
			path = Views;
			sourceTree = "<group>";
		};
		4140A2AC28D84CB6000C59EE /* ViewModels */ = {
			isa = PBXGroup;
			children = (
			);
			path = ViewModels;
			sourceTree = "<group>";
		};
		4140A2AD28D84D53000C59EE /* Managers */ = {
			isa = PBXGroup;
			children = (
				410E5F8A291CCA65004EA498 /* ApiCall.swift */,
			);
			path = Managers;
			sourceTree = "<group>";
		};
		4140A2AE28D84D5F000C59EE /* Resources */ = {
			isa = PBXGroup;
			children = (
				4128064D2A0CFCBF00169E75 /* Extension.swift */,
			);
			path = Resources;
			sourceTree = "<group>";
		};
		41C0E9CD28A4F74A0005CAF4 /* Controllers */ = {
			isa = PBXGroup;
			children = (
				4192C50D28B49F2100681AA6 /* HomeViewController.swift */,
				4192C50F28B49FEB00681AA6 /* DownloadsViewController.swift */,
				41C0E9CE28A4F8840005CAF4 /* UpcomingViewController.swift */,
				4192C51128B49FFC00681AA6 /* SearchViewController.swift */,
			);
			path = Controllers;
			sourceTree = "<group>";
		};
		41F54B0128A3770D008F79D6 = {
			isa = PBXGroup;
			children = (
				41F54B0C28A3770D008F79D6 /* Netflix Clone */,
				41F54B0B28A3770D008F79D6 /* Products */,
			);
			sourceTree = "<group>";
		};
		41F54B0B28A3770D008F79D6 /* Products */ = {
			isa = PBXGroup;
			children = (
				41F54B0A28A3770D008F79D6 /* Netflix Clone.app */,
			);
			name = Products;
			sourceTree = "<group>";
		};
		41F54B0C28A3770D008F79D6 /* Netflix Clone */ = {
			isa = PBXGroup;
			children = (
				4140A2AD28D84D53000C59EE /* Managers */,
				4140A2AE28D84D5F000C59EE /* Resources */,
				4140A2AA28D84C94000C59EE /* Models */,
				4140A2AB28D84CA9000C59EE /* Views */,
				4140A2AC28D84CB6000C59EE /* ViewModels */,
				41C0E9CD28A4F74A0005CAF4 /* Controllers */,
				41F54B0D28A3770D008F79D6 /* AppDelegate.swift */,
				41F54B1128A3770D008F79D6 /* MainTabViewController.swift */,
				41F54B0F28A3770D008F79D6 /* SceneDelegate.swift */,
				41F54B1628A37710008F79D6 /* Assets.xcassets */,
				41F54B1828A37710008F79D6 /* LaunchScreen.storyboard */,
				41F54B1B28A37710008F79D6 /* Info.plist */,
			);
			path = "Netflix Clone";
			sourceTree = "<group>";
		};
/* End PBXGroup section */

/* Begin PBXNativeTarget section */
		41F54B0928A3770D008F79D6 /* Netflix Clone */ = {
			isa = PBXNativeTarget;
			buildConfigurationList = 41F54B1E28A37710008F79D6 /* Build configuration list for PBXNativeTarget "Netflix Clone" */;
			buildPhases = (
				41F54B0628A3770D008F79D6 /* Sources */,
				41F54B0728A3770D008F79D6 /* Frameworks */,
				41F54B0828A3770D008F79D6 /* Resources */,
			);
			buildRules = (
			);
			dependencies = (
			);
			name = "Netflix Clone";
			productName = "Netflix Clone";
			productReference = 41F54B0A28A3770D008F79D6 /* Netflix Clone.app */;
			productType = "com.apple.product-type.application";
		};
/* End PBXNativeTarget section */

/* Begin PBXProject section */
		41F54B0228A3770D008F79D6 /* Project object */ = {
			isa = PBXProject;
			attributes = {
				BuildIndependentTargetsInParallel = 1;
				LastSwiftUpdateCheck = 1330;
				LastUpgradeCheck = 1330;
				TargetAttributes = {
					41F54B0928A3770D008F79D6 = {
						CreatedOnToolsVersion = 13.3;
					};
				};
			};
			buildConfigurationList = 41F54B0528A3770D008F79D6 /* Build configuration list for PBXProject "Netflix Clone" */;
			compatibilityVersion = "Xcode 13.0";
			developmentRegion = en;
			hasScannedForEncodings = 0;
			knownRegions = (
				en,
				Base,
			);
			mainGroup = 41F54B0128A3770D008F79D6;
			productRefGroup = 41F54B0B28A3770D008F79D6 /* Products */;
			projectDirPath = "";
			projectRoot = "";
			targets = (
				41F54B0928A3770D008F79D6 /* Netflix Clone */,
			);
		};
/* End PBXProject section */

/* Begin PBXResourcesBuildPhase section */
		41F54B0828A3770D008F79D6 /* Resources */ = {
			isa = PBXResourcesBuildPhase;
			buildActionMask = 2147483647;
			files = (
				41F54B1A28A37710008F79D6 /* LaunchScreen.storyboard in Resources */,
				41F54B1728A37710008F79D6 /* Assets.xcassets in Resources */,
			);
			runOnlyForDeploymentPostprocessing = 0;
		};
/* End PBXResourcesBuildPhase section */

/* Begin PBXSourcesBuildPhase section */
		41F54B0628A3770D008F79D6 /* Sources */ = {
			isa = PBXSourcesBuildPhase;
			buildActionMask = 2147483647;
			files = (
				410E5F8B291CCA65004EA498 /* ApiCall.swift in Sources */,
				41C34A682A11FF560045CE59 /* TV.swift in Sources */,
				41C0E9CF28A4F8840005CAF4 /* UpcomingViewController.swift in Sources */,
				4192C51228B49FFC00681AA6 /* SearchViewController.swift in Sources */,
				4128064E2A0CFCBF00169E75 /* Extension.swift in Sources */,
				4140A2B028D84F00000C59EE /* CollectionViewTableViewCell.swift in Sources */,
				411A122028DA46ED004DFD80 /* HeroHeaderUIView.swift in Sources */,
				41F54B1228A3770D008F79D6 /* MainTabViewController.swift in Sources */,
				4192C51028B49FEB00681AA6 /* DownloadsViewController.swift in Sources */,
				41F54B0E28A3770D008F79D6 /* AppDelegate.swift in Sources */,
				4192C50E28B49F2100681AA6 /* HomeViewController.swift in Sources */,
				419904E62A14AFF000285A71 /* Populor.swift in Sources */,
				4128064C2A0CF05C00169E75 /* Movie.swift in Sources */,
				41F54B1028A3770D008F79D6 /* SceneDelegate.swift in Sources */,
			);
			runOnlyForDeploymentPostprocessing = 0;
		};
/* End PBXSourcesBuildPhase section */

/* Begin PBXVariantGroup section */
		41F54B1828A37710008F79D6 /* LaunchScreen.storyboard */ = {
			isa = PBXVariantGroup;
			children = (
				41F54B1928A37710008F79D6 /* Base */,
			);
			name = LaunchScreen.storyboard;
			sourceTree = "<group>";
		};
/* End PBXVariantGroup section */

/* Begin XCBuildConfiguration section */
		41F54B1C28A37710008F79D6 /* Debug */ = {
			isa = XCBuildConfiguration;
			buildSettings = {
				ALWAYS_SEARCH_USER_PATHS = NO;
				CLANG_ANALYZER_NONNULL = YES;
				CLANG_ANALYZER_NUMBER_OBJECT_CONVERSION = YES_AGGRESSIVE;
				CLANG_CXX_LANGUAGE_STANDARD = "gnu++17";
				CLANG_ENABLE_MODULES = YES;
				CLANG_ENABLE_OBJC_ARC = YES;
				CLANG_ENABLE_OBJC_WEAK = YES;
				CLANG_WARN_BLOCK_CAPTURE_AUTORELEASING = YES;
				CLANG_WARN_BOOL_CONVERSION = YES;
				CLANG_WARN_COMMA = YES;
				CLANG_WARN_CONSTANT_CONVERSION = YES;
				CLANG_WARN_DEPRECATED_OBJC_IMPLEMENTATIONS = YES;
				CLANG_WARN_DIRECT_OBJC_ISA_USAGE = YES_ERROR;
				CLANG_WARN_DOCUMENTATION_COMMENTS = YES;
				CLANG_WARN_EMPTY_BODY = YES;
				CLANG_WARN_ENUM_CONVERSION = YES;
				CLANG_WARN_INFINITE_RECURSION = YES;
				CLANG_WARN_INT_CONVERSION = YES;
				CLANG_WARN_NON_LITERAL_NULL_CONVERSION = YES;
				CLANG_WARN_OBJC_IMPLICIT_RETAIN_SELF = YES;
				CLANG_WARN_OBJC_LITERAL_CONVERSION = YES;
				CLANG_WARN_OBJC_ROOT_CLASS = YES_ERROR;
				CLANG_WARN_QUOTED_INCLUDE_IN_FRAMEWORK_HEADER = YES;
				CLANG_WARN_RANGE_LOOP_ANALYSIS = YES;
				CLANG_WARN_STRICT_PROTOTYPES = YES;
				CLANG_WARN_SUSPICIOUS_MOVE = YES;
				CLANG_WARN_UNGUARDED_AVAILABILITY = YES_AGGRESSIVE;
				CLANG_WARN_UNREACHABLE_CODE = YES;
				CLANG_WARN__DUPLICATE_METHOD_MATCH = YES;
				COPY_PHASE_STRIP = NO;
				DEBUG_INFORMATION_FORMAT = dwarf;
				ENABLE_STRICT_OBJC_MSGSEND = YES;
				ENABLE_TESTABILITY = YES;
				GCC_C_LANGUAGE_STANDARD = gnu11;
				GCC_DYNAMIC_NO_PIC = NO;
				GCC_NO_COMMON_BLOCKS = YES;
				GCC_OPTIMIZATION_LEVEL = 0;
				GCC_PREPROCESSOR_DEFINITIONS = (
					"DEBUG=1",
					"$(inherited)",
				);
				GCC_WARN_64_TO_32_BIT_CONVERSION = YES;
				GCC_WARN_ABOUT_RETURN_TYPE = YES_ERROR;
				GCC_WARN_UNDECLARED_SELECTOR = YES;
				GCC_WARN_UNINITIALIZED_AUTOS = YES_AGGRESSIVE;
				GCC_WARN_UNUSED_FUNCTION = YES;
				GCC_WARN_UNUSED_VARIABLE = YES;
				IPHONEOS_DEPLOYMENT_TARGET = 15.4;
				MTL_ENABLE_DEBUG_INFO = INCLUDE_SOURCE;
				MTL_FAST_MATH = YES;
				ONLY_ACTIVE_ARCH = YES;
				SDKROOT = iphoneos;
				SWIFT_ACTIVE_COMPILATION_CONDITIONS = DEBUG;
				SWIFT_OPTIMIZATION_LEVEL = "-Onone";
			};
			name = Debug;
		};
		41F54B1D28A37710008F79D6 /* Release */ = {
			isa = XCBuildConfiguration;
			buildSettings = {
				ALWAYS_SEARCH_USER_PATHS = NO;
				CLANG_ANALYZER_NONNULL = YES;
				CLANG_ANALYZER_NUMBER_OBJECT_CONVERSION = YES_AGGRESSIVE;
				CLANG_CXX_LANGUAGE_STANDARD = "gnu++17";
				CLANG_ENABLE_MODULES = YES;
				CLANG_ENABLE_OBJC_ARC = YES;
				CLANG_ENABLE_OBJC_WEAK = YES;
				CLANG_WARN_BLOCK_CAPTURE_AUTORELEASING = YES;
				CLANG_WARN_BOOL_CONVERSION = YES;
				CLANG_WARN_COMMA = YES;
				CLANG_WARN_CONSTANT_CONVERSION = YES;
				CLANG_WARN_DEPRECATED_OBJC_IMPLEMENTATIONS = YES;
				CLANG_WARN_DIRECT_OBJC_ISA_USAGE = YES_ERROR;
				CLANG_WARN_DOCUMENTATION_COMMENTS = YES;
				CLANG_WARN_EMPTY_BODY = YES;
				CLANG_WARN_ENUM_CONVERSION = YES;
				CLANG_WARN_INFINITE_RECURSION = YES;
				CLANG_WARN_INT_CONVERSION = YES;
				CLANG_WARN_NON_LITERAL_NULL_CONVERSION = YES;
				CLANG_WARN_OBJC_IMPLICIT_RETAIN_SELF = YES;
				CLANG_WARN_OBJC_LITERAL_CONVERSION = YES;
				CLANG_WARN_OBJC_ROOT_CLASS = YES_ERROR;
				CLANG_WARN_QUOTED_INCLUDE_IN_FRAMEWORK_HEADER = YES;
				CLANG_WARN_RANGE_LOOP_ANALYSIS = YES;
				CLANG_WARN_STRICT_PROTOTYPES = YES;
				CLANG_WARN_SUSPICIOUS_MOVE = YES;
				CLANG_WARN_UNGUARDED_AVAILABILITY = YES_AGGRESSIVE;
				CLANG_WARN_UNREACHABLE_CODE = YES;
				CLANG_WARN__DUPLICATE_METHOD_MATCH = YES;
				COPY_PHASE_STRIP = NO;
				DEBUG_INFORMATION_FORMAT = "dwarf-with-dsym";
				ENABLE_NS_ASSERTIONS = NO;
				ENABLE_STRICT_OBJC_MSGSEND = YES;
				GCC_C_LANGUAGE_STANDARD = gnu11;
				GCC_NO_COMMON_BLOCKS = YES;
				GCC_WARN_64_TO_32_BIT_CONVERSION = YES;
				GCC_WARN_ABOUT_RETURN_TYPE = YES_ERROR;
				GCC_WARN_UNDECLARED_SELECTOR = YES;
				GCC_WARN_UNINITIALIZED_AUTOS = YES_AGGRESSIVE;
				GCC_WARN_UNUSED_FUNCTION = YES;
				GCC_WARN_UNUSED_VARIABLE = YES;
				IPHONEOS_DEPLOYMENT_TARGET = 15.4;
				MTL_ENABLE_DEBUG_INFO = NO;
				MTL_FAST_MATH = YES;
				SDKROOT = iphoneos;
				SWIFT_COMPILATION_MODE = wholemodule;
				SWIFT_OPTIMIZATION_LEVEL = "-O";
				VALIDATE_PRODUCT = YES;
			};
			name = Release;
		};
		41F54B1F28A37710008F79D6 /* Debug */ = {
			isa = XCBuildConfiguration;
			buildSettings = {
				ASSETCATALOG_COMPILER_APPICON_NAME = AppIcon;
				ASSETCATALOG_COMPILER_GLOBAL_ACCENT_COLOR_NAME = AccentColor;
				CODE_SIGN_STYLE = Automatic;
				CURRENT_PROJECT_VERSION = 1;
				DEVELOPMENT_TEAM = W749SDNNB4;
				GENERATE_INFOPLIST_FILE = YES;
				INFOPLIST_FILE = "Netflix Clone/Info.plist";
				INFOPLIST_KEY_UIApplicationSupportsIndirectInputEvents = YES;
				INFOPLIST_KEY_UILaunchStoryboardName = LaunchScreen;
				INFOPLIST_KEY_UISupportedInterfaceOrientations_iPad = "UIInterfaceOrientationPortrait UIInterfaceOrientationPortraitUpsideDown UIInterfaceOrientationLandscapeLeft UIInterfaceOrientationLandscapeRight";
				INFOPLIST_KEY_UISupportedInterfaceOrientations_iPhone = "UIInterfaceOrientationPortrait UIInterfaceOrientationLandscapeLeft UIInterfaceOrientationLandscapeRight";
				LD_RUNPATH_SEARCH_PATHS = (
					"$(inherited)",
					"@executable_path/Frameworks",
				);
				MARKETING_VERSION = 1.0;
				PRODUCT_BUNDLE_IDENTIFIER = "com.asad.Netflix-Clone";
				PRODUCT_NAME = "$(TARGET_NAME)";
				SWIFT_EMIT_LOC_STRINGS = YES;
				SWIFT_VERSION = 5.0;
				TARGETED_DEVICE_FAMILY = "1,2";
			};
			name = Debug;
		};
		41F54B2028A37710008F79D6 /* Release */ = {
			isa = XCBuildConfiguration;
			buildSettings = {
				ASSETCATALOG_COMPILER_APPICON_NAME = AppIcon;
				ASSETCATALOG_COMPILER_GLOBAL_ACCENT_COLOR_NAME = AccentColor;
				CODE_SIGN_STYLE = Automatic;
				CURRENT_PROJECT_VERSION = 1;
				DEVELOPMENT_TEAM = W749SDNNB4;
				GENERATE_INFOPLIST_FILE = YES;
				INFOPLIST_FILE = "Netflix Clone/Info.plist";
				INFOPLIST_KEY_UIApplicationSupportsIndirectInputEvents = YES;
				INFOPLIST_KEY_UILaunchStoryboardName = LaunchScreen;
				INFOPLIST_KEY_UISupportedInterfaceOrientations_iPad = "UIInterfaceOrientationPortrait UIInterfaceOrientationPortraitUpsideDown UIInterfaceOrientationLandscapeLeft UIInterfaceOrientationLandscapeRight";
				INFOPLIST_KEY_UISupportedInterfaceOrientations_iPhone = "UIInterfaceOrientationPortrait UIInterfaceOrientationLandscapeLeft UIInterfaceOrientationLandscapeRight";
				LD_RUNPATH_SEARCH_PATHS = (
					"$(inherited)",
					"@executable_path/Frameworks",
				);
				MARKETING_VERSION = 1.0;
				PRODUCT_BUNDLE_IDENTIFIER = "com.asad.Netflix-Clone";
				PRODUCT_NAME = "$(TARGET_NAME)";
				SWIFT_EMIT_LOC_STRINGS = YES;
				SWIFT_VERSION = 5.0;
				TARGETED_DEVICE_FAMILY = "1,2";
			};
			name = Release;
		};
/* End XCBuildConfiguration section */

/* Begin XCConfigurationList section */
		41F54B0528A3770D008F79D6 /* Build configuration list for PBXProject "Netflix Clone" */ = {
			isa = XCConfigurationList;
			buildConfigurations = (
				41F54B1C28A37710008F79D6 /* Debug */,
				41F54B1D28A37710008F79D6 /* Release */,
			);
			defaultConfigurationIsVisible = 0;
			defaultConfigurationName = Release;
		};
		41F54B1E28A37710008F79D6 /* Build configuration list for PBXNativeTarget "Netflix Clone" */ = {
			isa = XCConfigurationList;
			buildConfigurations = (
				41F54B1F28A37710008F79D6 /* Debug */,
				41F54B2028A37710008F79D6 /* Release */,
			);
			defaultConfigurationIsVisible = 0;
			defaultConfigurationName = Release;
		};
/* End XCConfigurationList section */
	};
	rootObject = 41F54B0228A3770D008F79D6 /* Project object */;
}
